
Microsoft Visual Studio Solution File, Format Version 12.00
# Visual Studio 15
VisualStudioVersion = 15.0.27428.2037
MinimumVisualStudioVersion = 10.0.40219.1
Project("{FAE04EC0-301F-11D3-BF4B-00C04F79EFBC}") = "aplicacion", "aplicacion\aplicacion.csproj", "{AAD53842-13CF-4BD0-94BE-C22D13C09730}"
EndProject
Global
	GlobalSection(SolutionConfigurationPlatforms) = preSolution
		Debug|Any CPU = Debug|Any CPU
		Release|Any CPU = Release|Any CPU
	EndGlobalSection
	GlobalSection(ProjectConfigurationPlatforms) = postSolution
		{AAD53842-13CF-4BD0-94BE-C22D13C09730}.Debug|Any CPU.ActiveCfg = Debug|Any CPU
		{AAD53842-13CF-4BD0-94BE-C22D13C09730}.Debug|Any CPU.Build.0 = Debug|Any CPU
		{AAD53842-13CF-4BD0-94BE-C22D13C09730}.Release|Any CPU.ActiveCfg = Release|Any CPU
		{AAD53842-13CF-4BD0-94BE-C22D13C09730}.Release|Any CPU.Build.0 = Release|Any CPU
	EndGlobalSection
	GlobalSection(SolutionProperties) = preSolution
		HideSolutionNode = FALSE
	EndGlobalSection
	GlobalSection(ExtensibilityGlobals) = postSolution
		SolutionGuid = {E5E1F0C2-CC2F-49D0-BAE5-5D8498D809D0}
	EndGlobalSection
EndGlobal
